{
  "nodes": {
    "nixpkgs": {
      "flake": false,
      "locked": {
        "lastModified": 1456837857,
        "narHash": "sha256-rw241C89ocMlDTYP9c2fAb06Yf4Khpjy5PRnoPEb/qQ=",
        "owner": "NixOS",
        "repo": "nixpkgs",
        "rev": "770822493e3962d795739fafd522e771bfe06e3d",
        "type": "github"
      },
      "original": {
        "owner": "NixOS",
        "ref": "release-14.12",
        "repo": "nixpkgs",
        "type": "github"
      }
    },
    "root": {
      "inputs": {
        "nixpkgs": "nixpkgs"
      }
    }
  },
  "root": "root",
  "version": 7
}
